// !$*UTF8*$!
{
	archiveVersion = 1;
	classes = {
	};
	objectVersion = 46;
	objects = {

/* Begin PBXBuildFile section */
		9CACD58E1E82248900AF02C6 /* DemoApp.cpp in Sources */ = {isa = PBXBuildFile; fileRef = 9CACD5841E82248900AF02C6 /* DemoApp.cpp */; };
		9CACD58F1E82248900AF02C6 /* DemoBasic.cpp in Sources */ = {isa = PBXBuildFile; fileRef = 9CACD5861E82248900AF02C6 /* DemoBasic.cpp */; };
		9CACD5901E82248900AF02C6 /* DemoLights.cpp in Sources */ = {isa = PBXBuildFile; fileRef = 9CACD5871E82248900AF02C6 /* DemoLights.cpp */; };
		9CACD5911E82248900AF02C6 /* DemoModelCreate.cpp in Sources */ = {isa = PBXBuildFile; fileRef = 9CACD5881E82248900AF02C6 /* DemoModelCreate.cpp */; };
		9CACD5921E82248900AF02C6 /* DemoNestedTrans.cpp in Sources */ = {isa = PBXBuildFile; fileRef = 9CACD5891E82248900AF02C6 /* DemoNestedTrans.cpp */; };
		9CACD5931E82248900AF02C6 /* DemoRenderToTex.cpp in Sources */ = {isa = PBXBuildFile; fileRef = 9CACD58A1E82248900AF02C6 /* DemoRenderToTex.cpp */; };
		9CACD5941E82248900AF02C6 /* DemoScene.cpp in Sources */ = {isa = PBXBuildFile; fileRef = 9CACD58B1E82248900AF02C6 /* DemoScene.cpp */; };
		9CACD5951E82248900AF02C6 /* main.cpp in Sources */ = {isa = PBXBuildFile; fileRef = 9CACD58D1E82248900AF02C6 /* main.cpp */; };
		9CACD5981E82254700AF02C6 /* DemoFog.cpp in Sources */ = {isa = PBXBuildFile; fileRef = 9CACD5961E82254700AF02C6 /* DemoFog.cpp */; };
		9CEC56D21DCB3E8500A9E864 /* GLUT.framework in Frameworks */ = {isa = PBXBuildFile; fileRef = 9CEC56D11DCB3E8500A9E864 /* GLUT.framework */; };
		9CEC56D41DCB3E8B00A9E864 /* OpenGL.framework in Frameworks */ = {isa = PBXBuildFile; fileRef = 9CEC56D31DCB3E8B00A9E864 /* OpenGL.framework */; };
/* End PBXBuildFile section */

/* Begin PBXCopyFilesBuildPhase section */
		9CAE52911DCB26F4003F7B38 /* CopyFiles */ = {
			isa = PBXCopyFilesBuildPhase;
			buildActionMask = 12;
			dstPath = "";
			dstSubfolderSpec = 16;
			files = (
			);
			runOnlyForDeploymentPostprocessing = 0;
		};
/* End PBXCopyFilesBuildPhase section */

/* Begin PBXFileReference section */
		9CACD5841E82248900AF02C6 /* DemoApp.cpp */ = {isa = PBXFileReference; fileEncoding = 4; lastKnownFileType = sourcecode.cpp.cpp; path = DemoApp.cpp; sourceTree = "<group>"; };
		9CACD5851E82248900AF02C6 /* DemoApp.hpp */ = {isa = PBXFileReference; fileEncoding = 4; lastKnownFileType = sourcecode.cpp.h; path = DemoApp.hpp; sourceTree = "<group>"; };
		9CACD5861E82248900AF02C6 /* DemoBasic.cpp */ = {isa = PBXFileReference; fileEncoding = 4; lastKnownFileType = sourcecode.cpp.cpp; path = DemoBasic.cpp; sourceTree = "<group>"; };
		9CACD5871E82248900AF02C6 /* DemoLights.cpp */ = {isa = PBXFileReference; fileEncoding = 4; lastKnownFileType = sourcecode.cpp.cpp; path = DemoLights.cpp; sourceTree = "<group>"; };
		9CACD5881E82248900AF02C6 /* DemoModelCreate.cpp */ = {isa = PBXFileReference; fileEncoding = 4; lastKnownFileType = sourcecode.cpp.cpp; path = DemoModelCreate.cpp; sourceTree = "<group>"; };
		9CACD5891E82248900AF02C6 /* DemoNestedTrans.cpp */ = {isa = PBXFileReference; fileEncoding = 4; lastKnownFileType = sourcecode.cpp.cpp; path = DemoNestedTrans.cpp; sourceTree = "<group>"; };
		9CACD58A1E82248900AF02C6 /* DemoRenderToTex.cpp */ = {isa = PBXFileReference; fileEncoding = 4; lastKnownFileType = sourcecode.cpp.cpp; path = DemoRenderToTex.cpp; sourceTree = "<group>"; };
		9CACD58B1E82248900AF02C6 /* DemoScene.cpp */ = {isa = PBXFileReference; fileEncoding = 4; lastKnownFileType = sourcecode.cpp.cpp; path = DemoScene.cpp; sourceTree = "<group>"; };
		9CACD58C1E82248900AF02C6 /* DemoScene.h */ = {isa = PBXFileReference; fileEncoding = 4; lastKnownFileType = sourcecode.c.h; path = DemoScene.h; sourceTree = "<group>"; };
		9CACD58D1E82248900AF02C6 /* main.cpp */ = {isa = PBXFileReference; fileEncoding = 4; lastKnownFileType = sourcecode.cpp.cpp; path = main.cpp; sourceTree = "<group>"; };
		9CACD5961E82254700AF02C6 /* DemoFog.cpp */ = {isa = PBXFileReference; fileEncoding = 4; lastKnownFileType = sourcecode.cpp.cpp; path = DemoFog.cpp; sourceTree = "<group>"; };
		9CAE52931DCB26F4003F7B38 /* IcEngDemo */ = {isa = PBXFileReference; explicitFileType = "compiled.mach-o.executable"; includeInIndex = 0; path = IcEngDemo; sourceTree = BUILT_PRODUCTS_DIR; };
		9CEC56D11DCB3E8500A9E864 /* GLUT.framework */ = {isa = PBXFileReference; lastKnownFileType = wrapper.framework; name = GLUT.framework; path = System/Library/Frameworks/GLUT.framework; sourceTree = SDKROOT; };
		9CEC56D31DCB3E8B00A9E864 /* OpenGL.framework */ = {isa = PBXFileReference; lastKnownFileType = wrapper.framework; name = OpenGL.framework; path = System/Library/Frameworks/OpenGL.framework; sourceTree = SDKROOT; };
/* End PBXFileReference section */

/* Begin PBXFrameworksBuildPhase section */
		9CAE52901DCB26F4003F7B38 /* Frameworks */ = {
			isa = PBXFrameworksBuildPhase;
			buildActionMask = 2147483647;
			files = (
				9CEC56D41DCB3E8B00A9E864 /* OpenGL.framework in Frameworks */,
				9CEC56D21DCB3E8500A9E864 /* GLUT.framework in Frameworks */,
			);
			runOnlyForDeploymentPostprocessing = 0;
		};
/* End PBXFrameworksBuildPhase section */

/* Begin PBXGroup section */
		9CACD5831E82248900AF02C6 /* IcEngDemo */ = {
			isa = PBXGroup;
			children = (
				9CACD58D1E82248900AF02C6 /* main.cpp */,
				9CACD58C1E82248900AF02C6 /* DemoScene.h */,
				9CACD58B1E82248900AF02C6 /* DemoScene.cpp */,
				9CACD5841E82248900AF02C6 /* DemoApp.cpp */,
				9CACD5851E82248900AF02C6 /* DemoApp.hpp */,
				9CACD5861E82248900AF02C6 /* DemoBasic.cpp */,
				9CACD5871E82248900AF02C6 /* DemoLights.cpp */,
				9CACD5881E82248900AF02C6 /* DemoModelCreate.cpp */,
				9CACD5891E82248900AF02C6 /* DemoNestedTrans.cpp */,
				9CACD58A1E82248900AF02C6 /* DemoRenderToTex.cpp */,
				9CACD5961E82254700AF02C6 /* DemoFog.cpp */,
			);
			name = IcEngDemo;
			path = ../../../src/demo/IcEngDemo;
			sourceTree = "<group>";
		};
		9CAE528A1DCB26F4003F7B38 = {
			isa = PBXGroup;
			children = (
				9CACD5831E82248900AF02C6 /* IcEngDemo */,
				9CAE52941DCB26F4003F7B38 /* Products */,
				9CEC56CD1DCB3C7E00A9E864 /* Frameworks */,
			);
			sourceTree = "<group>";
		};
		9CAE52941DCB26F4003F7B38 /* Products */ = {
			isa = PBXGroup;
			children = (
				9CAE52931DCB26F4003F7B38 /* IcEngDemo */,
			);
			name = Products;
			sourceTree = "<group>";
		};
		9CEC56CD1DCB3C7E00A9E864 /* Frameworks */ = {
			isa = PBXGroup;
			children = (
				9CEC56D31DCB3E8B00A9E864 /* OpenGL.framework */,
				9CEC56D11DCB3E8500A9E864 /* GLUT.framework */,
			);
			name = Frameworks;
			sourceTree = "<group>";
		};
/* End PBXGroup section */

/* Begin PBXNativeTarget section */
		9CAE52921DCB26F4003F7B38 /* IcEngDemo */ = {
			isa = PBXNativeTarget;
			buildConfigurationList = 9CAE529A1DCB26F4003F7B38 /* Build configuration list for PBXNativeTarget "IcEngDemo" */;
			buildPhases = (
				9CAE528F1DCB26F4003F7B38 /* Sources */,
				9CAE52901DCB26F4003F7B38 /* Frameworks */,
				9CAE52911DCB26F4003F7B38 /* CopyFiles */,
			);
			buildRules = (
			);
			dependencies = (
			);
			name = IcEngDemo;
			productName = IcEngDemo;
			productReference = 9CAE52931DCB26F4003F7B38 /* IcEngDemo */;
			productType = "com.apple.product-type.tool";
		};
/* End PBXNativeTarget section */

/* Begin PBXProject section */
		9CAE528B1DCB26F4003F7B38 /* Project object */ = {
			isa = PBXProject;
			attributes = {
				LastUpgradeCheck = 0810;
				ORGANIZATIONNAME = "Simviu Technology Inc.";
				TargetAttributes = {
					9CAE52921DCB26F4003F7B38 = {
						CreatedOnToolsVersion = 8.1;
						DevelopmentTeam = XG76D5W2B7;
						ProvisioningStyle = Automatic;
					};
				};
			};
			buildConfigurationList = 9CAE528E1DCB26F4003F7B38 /* Build configuration list for PBXProject "IcEngDemo" */;
			compatibilityVersion = "Xcode 3.2";
			developmentRegion = English;
			hasScannedForEncodings = 0;
			knownRegions = (
				en,
				Base,
			);
			mainGroup = 9CAE528A1DCB26F4003F7B38;
			productRefGroup = 9CAE52941DCB26F4003F7B38 /* Products */;
			projectDirPath = "";
			projectRoot = "";
			targets = (
				9CAE52921DCB26F4003F7B38 /* IcEngDemo */,
			);
		};
/* End PBXProject section */

/* Begin PBXSourcesBuildPhase section */
		9CAE528F1DCB26F4003F7B38 /* Sources */ = {
			isa = PBXSourcesBuildPhase;
			buildActionMask = 2147483647;
			files = (
				9CACD5981E82254700AF02C6 /* DemoFog.cpp in Sources */,
				9CACD5901E82248900AF02C6 /* DemoLights.cpp in Sources */,
				9CACD5941E82248900AF02C6 /* DemoScene.cpp in Sources */,
				9CACD5931E82248900AF02C6 /* DemoRenderToTex.cpp in Sources */,
				9CACD58E1E82248900AF02C6 /* DemoApp.cpp in Sources */,
				9CACD5921E82248900AF02C6 /* DemoNestedTrans.cpp in Sources */,
				9CACD5911E82248900AF02C6 /* DemoModelCreate.cpp in Sources */,
				9CACD5951E82248900AF02C6 /* main.cpp in Sources */,
				9CACD58F1E82248900AF02C6 /* DemoBasic.cpp in Sources */,
			);
			runOnlyForDeploymentPostprocessing = 0;
		};
/* End PBXSourcesBuildPhase section */

/* Begin XCBuildConfiguration section */
		9CAE52981DCB26F4003F7B38 /* Debug */ = {
			isa = XCBuildConfiguration;
			buildSettings = {
				ALWAYS_SEARCH_USER_PATHS = YES;
				CLANG_ANALYZER_NONNULL = YES;
				CLANG_CXX_LANGUAGE_STANDARD = "gnu++0x";
				CLANG_CXX_LIBRARY = "libc++";
				CLANG_ENABLE_MODULES = YES;
				CLANG_ENABLE_OBJC_ARC = YES;
				CLANG_WARN_BOOL_CONVERSION = YES;
				CLANG_WARN_CONSTANT_CONVERSION = YES;
				CLANG_WARN_DIRECT_OBJC_ISA_USAGE = YES_ERROR;
				CLANG_WARN_DOCUMENTATION_COMMENTS = YES;
				CLANG_WARN_EMPTY_BODY = YES;
				CLANG_WARN_ENUM_CONVERSION = YES;
				CLANG_WARN_INFINITE_RECURSION = YES;
				CLANG_WARN_INT_CONVERSION = YES;
				CLANG_WARN_OBJC_ROOT_CLASS = YES_ERROR;
				CLANG_WARN_SUSPICIOUS_MOVES = YES;
				CLANG_WARN_UNREACHABLE_CODE = YES;
				CLANG_WARN__DUPLICATE_METHOD_MATCH = YES;
				CODE_SIGN_IDENTITY = "-";
				COPY_PHASE_STRIP = NO;
				DEBUG_INFORMATION_FORMAT = dwarf;
				ENABLE_STRICT_OBJC_MSGSEND = YES;
				ENABLE_TESTABILITY = YES;
				GCC_C_LANGUAGE_STANDARD = gnu99;
				GCC_DYNAMIC_NO_PIC = NO;
				GCC_NO_COMMON_BLOCKS = YES;
				GCC_OPTIMIZATION_LEVEL = 0;
				GCC_PREPROCESSOR_DEFINITIONS = (
					"DEBUG=1",
					"$(inherited)",
				);
				GCC_WARN_64_TO_32_BIT_CONVERSION = YES;
				GCC_WARN_ABOUT_RETURN_TYPE = YES_ERROR;
				GCC_WARN_UNDECLARED_SELECTOR = YES;
				GCC_WARN_UNINITIALIZED_AUTOS = YES_AGGRESSIVE;
				GCC_WARN_UNUSED_FUNCTION = YES;
				GCC_WARN_UNUSED_VARIABLE = YES;
				HEADER_SEARCH_PATHS = ../../../../IcEng/inc;
				LIBRARY_SEARCH_PATHS = "../../../IcEngBuild/mac/lib/${ARCHS}/${CONFIGURATION}";
				MACOSX_DEPLOYMENT_TARGET = 10.7;
				MTL_ENABLE_DEBUG_INFO = YES;
				OBJROOT = ../../../IcEngBuild/mac/tmp;
				ONLY_ACTIVE_ARCH = YES;
				SDKROOT = macosx;
				SYMROOT = ../../../IcEngBuild/mac/bin;
			};
			name = Debug;
		};
		9CAE52991DCB26F4003F7B38 /* Release */ = {
			isa = XCBuildConfiguration;
			buildSettings = {
				ALWAYS_SEARCH_USER_PATHS = YES;
				CLANG_ANALYZER_NONNULL = YES;
				CLANG_CXX_LANGUAGE_STANDARD = "gnu++0x";
				CLANG_CXX_LIBRARY = "libc++";
				CLANG_ENABLE_MODULES = YES;
				CLANG_ENABLE_OBJC_ARC = YES;
				CLANG_WARN_BOOL_CONVERSION = YES;
				CLANG_WARN_CONSTANT_CONVERSION = YES;
				CLANG_WARN_DIRECT_OBJC_ISA_USAGE = YES_ERROR;
				CLANG_WARN_DOCUMENTATION_COMMENTS = YES;
				CLANG_WARN_EMPTY_BODY = YES;
				CLANG_WARN_ENUM_CONVERSION = YES;
				CLANG_WARN_INFINITE_RECURSION = YES;
				CLANG_WARN_INT_CONVERSION = YES;
				CLANG_WARN_OBJC_ROOT_CLASS = YES_ERROR;
				CLANG_WARN_SUSPICIOUS_MOVES = YES;
				CLANG_WARN_UNREACHABLE_CODE = YES;
				CLANG_WARN__DUPLICATE_METHOD_MATCH = YES;
				CODE_SIGN_IDENTITY = "-";
				COPY_PHASE_STRIP = NO;
				DEBUG_INFORMATION_FORMAT = "dwarf-with-dsym";
				ENABLE_NS_ASSERTIONS = NO;
				ENABLE_STRICT_OBJC_MSGSEND = YES;
				GCC_C_LANGUAGE_STANDARD = gnu99;
				GCC_NO_COMMON_BLOCKS = YES;
				GCC_WARN_64_TO_32_BIT_CONVERSION = YES;
				GCC_WARN_ABOUT_RETURN_TYPE = YES_ERROR;
				GCC_WARN_UNDECLARED_SELECTOR = YES;
				GCC_WARN_UNINITIALIZED_AUTOS = YES_AGGRESSIVE;
				GCC_WARN_UNUSED_FUNCTION = YES;
				GCC_WARN_UNUSED_VARIABLE = YES;
				HEADER_SEARCH_PATHS = ../../../../IcEng/inc;
				LIBRARY_SEARCH_PATHS = "../../../IcEngBuild/mac/lib/${ARCHS}/${CONFIGURATION}";
				MACOSX_DEPLOYMENT_TARGET = 10.7;
				MTL_ENABLE_DEBUG_INFO = NO;
				OBJROOT = ../../../IcEngBuild/mac/tmp;
				SDKROOT = macosx;
				SYMROOT = ../../../IcEngBuild/mac/bin;
			};
			name = Release;
		};
		9CAE529B1DCB26F4003F7B38 /* Debug */ = {
			isa = XCBuildConfiguration;
			buildSettings = {
				DEVELOPMENT_TEAM = XG76D5W2B7;
				LIBRARY_SEARCH_PATHS = "$(inherited)";
				OTHER_LDFLAGS = "-lIcEng";
				PRODUCT_NAME = "$(TARGET_NAME)";
				SYMROOT = "../../../IcEngBuild/mac/bin/${ARCHS}";
			};
			name = Debug;
		};
		9CAE529C1DCB26F4003F7B38 /* Release */ = {
			isa = XCBuildConfiguration;
			buildSettings = {
				DEVELOPMENT_TEAM = XG76D5W2B7;
				LIBRARY_SEARCH_PATHS = "$(inherited)";
				OTHER_LDFLAGS = "-lIcEng";
				PRODUCT_NAME = "$(TARGET_NAME)";
				SYMROOT = "../../../IcEngBuild/mac/bin/${ARCHS}";
			};
			name = Release;
		};
/* End XCBuildConfiguration section */

/* Begin XCConfigurationList section */
		9CAE528E1DCB26F4003F7B38 /* Build configuration list for PBXProject "IcEngDemo" */ = {
			isa = XCConfigurationList;
			buildConfigurations = (
				9CAE52981DCB26F4003F7B38 /* Debug */,
				9CAE52991DCB26F4003F7B38 /* Release */,
			);
			defaultConfigurationIsVisible = 0;
			defaultConfigurationName = Release;
		};
		9CAE529A1DCB26F4003F7B38 /* Build configuration list for PBXNativeTarget "IcEngDemo" */ = {
			isa = XCConfigurationList;
			buildConfigurations = (
				9CAE529B1DCB26F4003F7B38 /* Debug */,
				9CAE529C1DCB26F4003F7B38 /* Release */,
			);
			defaultConfigurationIsVisible = 0;
			defaultConfigurationName = Release;
		};
/* End XCConfigurationList section */
	};
	rootObject = 9CAE528B1DCB26F4003F7B38 /* Project object */;
}
