// !$*UTF8*$!
{
	archiveVersion = 1;
	classes = {
	};
	objectVersion = 46;
	objects = {

/* Begin PBXBuildFile section */
		9CEC54B81DCB3A3E00A9E864 /* main.m in Sources */ = {isa = PBXBuildFile; fileRef = 9CEC54B71DCB3A3E00A9E864 /* main.m */; };
		9CEC54BB1DCB3A3E00A9E864 /* AppDelegate.m in Sources */ = {isa = PBXBuildFile; fileRef = 9CEC54BA1DCB3A3E00A9E864 /* AppDelegate.m */; };
		9CEC54BE1DCB3A3E00A9E864 /* ViewController.m in Sources */ = {isa = PBXBuildFile; fileRef = 9CEC54BD1DCB3A3E00A9E864 /* ViewController.m */; };
		9CEC54C11DCB3A3E00A9E864 /* Main.storyboard in Resources */ = {isa = PBXBuildFile; fileRef = 9CEC54BF1DCB3A3E00A9E864 /* Main.storyboard */; };
		9CEC54C31DCB3A3E00A9E864 /* Assets.xcassets in Resources */ = {isa = PBXBuildFile; fileRef = 9CEC54C21DCB3A3E00A9E864 /* Assets.xcassets */; };
		9CEC54C61DCB3A3E00A9E864 /* LaunchScreen.storyboard in Resources */ = {isa = PBXBuildFile; fileRef = 9CEC54C41DCB3A3E00A9E864 /* LaunchScreen.storyboard */; };
		9CF557C61E6FB23000AF7621 /* DemoApp.cpp in Sources */ = {isa = PBXBuildFile; fileRef = 9CF557B51E6FB23000AF7621 /* DemoApp.cpp */; };
		9CF557C71E6FB23000AF7621 /* DemoBasic.cpp in Sources */ = {isa = PBXBuildFile; fileRef = 9CF557B71E6FB23000AF7621 /* DemoBasic.cpp */; };
		9CF557C81E6FB23000AF7621 /* DemoLights.cpp in Sources */ = {isa = PBXBuildFile; fileRef = 9CF557B81E6FB23000AF7621 /* DemoLights.cpp */; };
		9CF557C91E6FB23000AF7621 /* DemoModelCreate.cpp in Sources */ = {isa = PBXBuildFile; fileRef = 9CF557B91E6FB23000AF7621 /* DemoModelCreate.cpp */; };
		9CF557CA1E6FB23000AF7621 /* DemoNestedTrans.cpp in Sources */ = {isa = PBXBuildFile; fileRef = 9CF557BA1E6FB23000AF7621 /* DemoNestedTrans.cpp */; };
		9CF557CB1E6FB23000AF7621 /* DemoScene.cpp in Sources */ = {isa = PBXBuildFile; fileRef = 9CF557BB1E6FB23000AF7621 /* DemoScene.cpp */; };
		9CF557CC1E6FB23000AF7621 /* IcDemoTableVCon.mm in Sources */ = {isa = PBXBuildFile; fileRef = 9CF557BF1E6FB23000AF7621 /* IcDemoTableVCon.mm */; };
		9CF557CD1E6FB23000AF7621 /* IcDemoTableVCon.xib in Resources */ = {isa = PBXBuildFile; fileRef = 9CF557C01E6FB23000AF7621 /* IcDemoTableVCon.xib */; };
		9CF557CE1E6FB23000AF7621 /* IcDemoViewCon.mm in Sources */ = {isa = PBXBuildFile; fileRef = 9CF557C21E6FB23000AF7621 /* IcDemoViewCon.mm */; };
		9CF557CF1E6FB23000AF7621 /* IcDemoViewCon.xib in Resources */ = {isa = PBXBuildFile; fileRef = 9CF557C31E6FB23000AF7621 /* IcDemoViewCon.xib */; };
		9CF557D21E6FB41100AF7621 /* IcData in Resources */ = {isa = PBXBuildFile; fileRef = 9CF557D11E6FB41100AF7621 /* IcData */; };
		9CF607CC1E2492C7008A662C /* GLKit.framework in Frameworks */ = {isa = PBXBuildFile; fileRef = 9CF607CB1E2492C7008A662C /* GLKit.framework */; };
/* End PBXBuildFile section */

/* Begin PBXCopyFilesBuildPhase section */
		9CE97E841DCB5BB400B26CC6 /* CopyFiles */ = {
			isa = PBXCopyFilesBuildPhase;
			buildActionMask = 2147483647;
			dstPath = "";
			dstSubfolderSpec = 7;
			files = (
			);
			runOnlyForDeploymentPostprocessing = 0;
		};
/* End PBXCopyFilesBuildPhase section */

/* Begin PBXFileReference section */
		9CEC54B41DCB3A3E00A9E864 /* IcEngDemoIOS.app */ = {isa = PBXFileReference; explicitFileType = wrapper.application; includeInIndex = 0; path = IcEngDemoIOS.app; sourceTree = BUILT_PRODUCTS_DIR; };
		9CEC54B71DCB3A3E00A9E864 /* main.m */ = {isa = PBXFileReference; lastKnownFileType = sourcecode.c.objc; path = main.m; sourceTree = "<group>"; };
		9CEC54B91DCB3A3E00A9E864 /* AppDelegate.h */ = {isa = PBXFileReference; lastKnownFileType = sourcecode.c.h; path = AppDelegate.h; sourceTree = "<group>"; };
		9CEC54BA1DCB3A3E00A9E864 /* AppDelegate.m */ = {isa = PBXFileReference; lastKnownFileType = sourcecode.c.objc; path = AppDelegate.m; sourceTree = "<group>"; };
		9CEC54BC1DCB3A3E00A9E864 /* ViewController.h */ = {isa = PBXFileReference; lastKnownFileType = sourcecode.c.h; path = ViewController.h; sourceTree = "<group>"; };
		9CEC54BD1DCB3A3E00A9E864 /* ViewController.m */ = {isa = PBXFileReference; lastKnownFileType = sourcecode.c.objc; path = ViewController.m; sourceTree = "<group>"; };
		9CEC54C01DCB3A3E00A9E864 /* Base */ = {isa = PBXFileReference; lastKnownFileType = file.storyboard; name = Base; path = Base.lproj/Main.storyboard; sourceTree = "<group>"; };
		9CEC54C21DCB3A3E00A9E864 /* Assets.xcassets */ = {isa = PBXFileReference; lastKnownFileType = folder.assetcatalog; path = Assets.xcassets; sourceTree = "<group>"; };
		9CEC54C51DCB3A3E00A9E864 /* Base */ = {isa = PBXFileReference; lastKnownFileType = file.storyboard; name = Base; path = Base.lproj/LaunchScreen.storyboard; sourceTree = "<group>"; };
		9CEC54C71DCB3A3E00A9E864 /* Info.plist */ = {isa = PBXFileReference; lastKnownFileType = text.plist.xml; path = Info.plist; sourceTree = "<group>"; };
		9CEC56D51DCB3F5D00A9E864 /* Foundation.framework */ = {isa = PBXFileReference; lastKnownFileType = wrapper.framework; name = Foundation.framework; path = System/Library/Frameworks/Foundation.framework; sourceTree = SDKROOT; };
		9CF557B51E6FB23000AF7621 /* DemoApp.cpp */ = {isa = PBXFileReference; fileEncoding = 4; lastKnownFileType = sourcecode.cpp.cpp; path = DemoApp.cpp; sourceTree = "<group>"; };
		9CF557B61E6FB23000AF7621 /* DemoApp.hpp */ = {isa = PBXFileReference; fileEncoding = 4; lastKnownFileType = sourcecode.cpp.h; path = DemoApp.hpp; sourceTree = "<group>"; };
		9CF557B71E6FB23000AF7621 /* DemoBasic.cpp */ = {isa = PBXFileReference; fileEncoding = 4; lastKnownFileType = sourcecode.cpp.cpp; path = DemoBasic.cpp; sourceTree = "<group>"; };
		9CF557B81E6FB23000AF7621 /* DemoLights.cpp */ = {isa = PBXFileReference; fileEncoding = 4; lastKnownFileType = sourcecode.cpp.cpp; path = DemoLights.cpp; sourceTree = "<group>"; };
		9CF557B91E6FB23000AF7621 /* DemoModelCreate.cpp */ = {isa = PBXFileReference; fileEncoding = 4; lastKnownFileType = sourcecode.cpp.cpp; path = DemoModelCreate.cpp; sourceTree = "<group>"; };
		9CF557BA1E6FB23000AF7621 /* DemoNestedTrans.cpp */ = {isa = PBXFileReference; fileEncoding = 4; lastKnownFileType = sourcecode.cpp.cpp; path = DemoNestedTrans.cpp; sourceTree = "<group>"; };
		9CF557BB1E6FB23000AF7621 /* DemoScene.cpp */ = {isa = PBXFileReference; fileEncoding = 4; lastKnownFileType = sourcecode.cpp.cpp; path = DemoScene.cpp; sourceTree = "<group>"; };
		9CF557BC1E6FB23000AF7621 /* DemoScene.h */ = {isa = PBXFileReference; fileEncoding = 4; lastKnownFileType = sourcecode.c.h; path = DemoScene.h; sourceTree = "<group>"; };
		9CF557BE1E6FB23000AF7621 /* IcDemoTableVCon.h */ = {isa = PBXFileReference; fileEncoding = 4; lastKnownFileType = sourcecode.c.h; path = IcDemoTableVCon.h; sourceTree = "<group>"; };
		9CF557BF1E6FB23000AF7621 /* IcDemoTableVCon.mm */ = {isa = PBXFileReference; fileEncoding = 4; lastKnownFileType = sourcecode.cpp.objcpp; path = IcDemoTableVCon.mm; sourceTree = "<group>"; };
		9CF557C01E6FB23000AF7621 /* IcDemoTableVCon.xib */ = {isa = PBXFileReference; fileEncoding = 4; lastKnownFileType = file.xib; path = IcDemoTableVCon.xib; sourceTree = "<group>"; };
		9CF557C11E6FB23000AF7621 /* IcDemoViewCon.h */ = {isa = PBXFileReference; fileEncoding = 4; lastKnownFileType = sourcecode.c.h; path = IcDemoViewCon.h; sourceTree = "<group>"; };
		9CF557C21E6FB23000AF7621 /* IcDemoViewCon.mm */ = {isa = PBXFileReference; fileEncoding = 4; lastKnownFileType = sourcecode.cpp.objcpp; path = IcDemoViewCon.mm; sourceTree = "<group>"; };
		9CF557C31E6FB23000AF7621 /* IcDemoViewCon.xib */ = {isa = PBXFileReference; fileEncoding = 4; lastKnownFileType = file.xib; path = IcDemoViewCon.xib; sourceTree = "<group>"; };
		9CF557D11E6FB41100AF7621 /* IcData */ = {isa = PBXFileReference; lastKnownFileType = folder; name = IcData; path = ../../../IcData; sourceTree = "<group>"; };
		9CF607CB1E2492C7008A662C /* GLKit.framework */ = {isa = PBXFileReference; lastKnownFileType = wrapper.framework; name = GLKit.framework; path = Platforms/iPhoneOS.platform/Developer/SDKs/iPhoneOS10.2.sdk/System/Library/Frameworks/GLKit.framework; sourceTree = DEVELOPER_DIR; };
/* End PBXFileReference section */

/* Begin PBXFrameworksBuildPhase section */
		9CEC54B11DCB3A3E00A9E864 /* Frameworks */ = {
			isa = PBXFrameworksBuildPhase;
			buildActionMask = 2147483647;
			files = (
				9CF607CC1E2492C7008A662C /* GLKit.framework in Frameworks */,
			);
			runOnlyForDeploymentPostprocessing = 0;
		};
/* End PBXFrameworksBuildPhase section */

/* Begin PBXGroup section */
		9CAE528A1DCB26F4003F7B38 = {
			isa = PBXGroup;
			children = (
				9CF557B41E6FB23000AF7621 /* demo */,
				9CEC56D91DCB3FB600A9E864 /* Resource */,
				9CEC54B51DCB3A3E00A9E864 /* IcEngDemoIOS */,
				9CAE52941DCB26F4003F7B38 /* Products */,
				9CEC56CD1DCB3C7E00A9E864 /* Frameworks */,
			);
			sourceTree = "<group>";
		};
		9CAE52941DCB26F4003F7B38 /* Products */ = {
			isa = PBXGroup;
			children = (
				9CEC54B41DCB3A3E00A9E864 /* IcEngDemoIOS.app */,
			);
			name = Products;
			sourceTree = "<group>";
		};
		9CEC54B51DCB3A3E00A9E864 /* IcEngDemoIOS */ = {
			isa = PBXGroup;
			children = (
				9CEC54B91DCB3A3E00A9E864 /* AppDelegate.h */,
				9CEC54BA1DCB3A3E00A9E864 /* AppDelegate.m */,
				9CEC54BC1DCB3A3E00A9E864 /* ViewController.h */,
				9CEC54BD1DCB3A3E00A9E864 /* ViewController.m */,
				9CEC54BF1DCB3A3E00A9E864 /* Main.storyboard */,
				9CEC54C21DCB3A3E00A9E864 /* Assets.xcassets */,
				9CEC54C41DCB3A3E00A9E864 /* LaunchScreen.storyboard */,
				9CEC54C71DCB3A3E00A9E864 /* Info.plist */,
				9CEC54B61DCB3A3E00A9E864 /* Supporting Files */,
			);
			path = IcEngDemoIOS;
			sourceTree = "<group>";
		};
		9CEC54B61DCB3A3E00A9E864 /* Supporting Files */ = {
			isa = PBXGroup;
			children = (
				9CEC54B71DCB3A3E00A9E864 /* main.m */,
			);
			name = "Supporting Files";
			sourceTree = "<group>";
		};
		9CEC56CD1DCB3C7E00A9E864 /* Frameworks */ = {
			isa = PBXGroup;
			children = (
				9CF607CB1E2492C7008A662C /* GLKit.framework */,
				9CEC56D51DCB3F5D00A9E864 /* Foundation.framework */,
			);
			name = Frameworks;
			sourceTree = "<group>";
		};
		9CEC56D91DCB3FB600A9E864 /* Resource */ = {
			isa = PBXGroup;
			children = (
				9CF557D11E6FB41100AF7621 /* IcData */,
			);
			name = Resource;
			sourceTree = "<group>";
		};
		9CF557B41E6FB23000AF7621 /* demo */ = {
			isa = PBXGroup;
			children = (
				9CF557B51E6FB23000AF7621 /* DemoApp.cpp */,
				9CF557B61E6FB23000AF7621 /* DemoApp.hpp */,
				9CF557B71E6FB23000AF7621 /* DemoBasic.cpp */,
				9CF557B81E6FB23000AF7621 /* DemoLights.cpp */,
				9CF557B91E6FB23000AF7621 /* DemoModelCreate.cpp */,
				9CF557BA1E6FB23000AF7621 /* DemoNestedTrans.cpp */,
				9CF557BB1E6FB23000AF7621 /* DemoScene.cpp */,
				9CF557BC1E6FB23000AF7621 /* DemoScene.h */,
				9CF557BD1E6FB23000AF7621 /* iOS */,
			);
			name = demo;
			path = ../../../src/demo;
			sourceTree = "<group>";
		};
		9CF557BD1E6FB23000AF7621 /* iOS */ = {
			isa = PBXGroup;
			children = (
				9CF557BE1E6FB23000AF7621 /* IcDemoTableVCon.h */,
				9CF557BF1E6FB23000AF7621 /* IcDemoTableVCon.mm */,
				9CF557C01E6FB23000AF7621 /* IcDemoTableVCon.xib */,
				9CF557C11E6FB23000AF7621 /* IcDemoViewCon.h */,
				9CF557C21E6FB23000AF7621 /* IcDemoViewCon.mm */,
				9CF557C31E6FB23000AF7621 /* IcDemoViewCon.xib */,
			);
			path = iOS;
			sourceTree = "<group>";
		};
/* End PBXGroup section */

/* Begin PBXNativeTarget section */
		9CEC54B31DCB3A3E00A9E864 /* IcEngDemoIOS */ = {
			isa = PBXNativeTarget;
			buildConfigurationList = 9CEC54CA1DCB3A3E00A9E864 /* Build configuration list for PBXNativeTarget "IcEngDemoIOS" */;
			buildPhases = (
				9CEC54B01DCB3A3E00A9E864 /* Sources */,
				9CEC54B11DCB3A3E00A9E864 /* Frameworks */,
				9CEC54B21DCB3A3E00A9E864 /* Resources */,
				9CE97E841DCB5BB400B26CC6 /* CopyFiles */,
			);
			buildRules = (
			);
			dependencies = (
			);
			name = IcEngDemoIOS;
			productName = IcEngDemoIOS;
			productReference = 9CEC54B41DCB3A3E00A9E864 /* IcEngDemoIOS.app */;
			productType = "com.apple.product-type.application";
		};
/* End PBXNativeTarget section */

/* Begin PBXProject section */
		9CAE528B1DCB26F4003F7B38 /* Project object */ = {
			isa = PBXProject;
			attributes = {
				LastUpgradeCheck = 0810;
				ORGANIZATIONNAME = "Simviu Technology Inc.";
				TargetAttributes = {
					9CEC54B31DCB3A3E00A9E864 = {
						CreatedOnToolsVersion = 8.1;
						DevelopmentTeam = XG76D5W2B7;
						ProvisioningStyle = Automatic;
					};
				};
			};
			buildConfigurationList = 9CAE528E1DCB26F4003F7B38 /* Build configuration list for PBXProject "IcEngDemo" */;
			compatibilityVersion = "Xcode 3.2";
			developmentRegion = English;
			hasScannedForEncodings = 0;
			knownRegions = (
				en,
				Base,
			);
			mainGroup = 9CAE528A1DCB26F4003F7B38;
			productRefGroup = 9CAE52941DCB26F4003F7B38 /* Products */;
			projectDirPath = "";
			projectRoot = "";
			targets = (
				9CEC54B31DCB3A3E00A9E864 /* IcEngDemoIOS */,
			);
		};
/* End PBXProject section */

/* Begin PBXResourcesBuildPhase section */
		9CEC54B21DCB3A3E00A9E864 /* Resources */ = {
			isa = PBXResourcesBuildPhase;
			buildActionMask = 2147483647;
			files = (
				9CF557D21E6FB41100AF7621 /* IcData in Resources */,
				9CF557CF1E6FB23000AF7621 /* IcDemoViewCon.xib in Resources */,
				9CEC54C61DCB3A3E00A9E864 /* LaunchScreen.storyboard in Resources */,
				9CEC54C31DCB3A3E00A9E864 /* Assets.xcassets in Resources */,
				9CEC54C11DCB3A3E00A9E864 /* Main.storyboard in Resources */,
				9CF557CD1E6FB23000AF7621 /* IcDemoTableVCon.xib in Resources */,
			);
			runOnlyForDeploymentPostprocessing = 0;
		};
/* End PBXResourcesBuildPhase section */

/* Begin PBXSourcesBuildPhase section */
		9CEC54B01DCB3A3E00A9E864 /* Sources */ = {
			isa = PBXSourcesBuildPhase;
			buildActionMask = 2147483647;
			files = (
				9CEC54BE1DCB3A3E00A9E864 /* ViewController.m in Sources */,
				9CEC54BB1DCB3A3E00A9E864 /* AppDelegate.m in Sources */,
				9CF557C61E6FB23000AF7621 /* DemoApp.cpp in Sources */,
				9CF557C81E6FB23000AF7621 /* DemoLights.cpp in Sources */,
				9CF557CA1E6FB23000AF7621 /* DemoNestedTrans.cpp in Sources */,
				9CF557CC1E6FB23000AF7621 /* IcDemoTableVCon.mm in Sources */,
				9CEC54B81DCB3A3E00A9E864 /* main.m in Sources */,
				9CF557CE1E6FB23000AF7621 /* IcDemoViewCon.mm in Sources */,
				9CF557CB1E6FB23000AF7621 /* DemoScene.cpp in Sources */,
				9CF557C91E6FB23000AF7621 /* DemoModelCreate.cpp in Sources */,
				9CF557C71E6FB23000AF7621 /* DemoBasic.cpp in Sources */,
			);
			runOnlyForDeploymentPostprocessing = 0;
		};
/* End PBXSourcesBuildPhase section */

/* Begin PBXVariantGroup section */
		9CEC54BF1DCB3A3E00A9E864 /* Main.storyboard */ = {
			isa = PBXVariantGroup;
			children = (
				9CEC54C01DCB3A3E00A9E864 /* Base */,
			);
			name = Main.storyboard;
			sourceTree = "<group>";
		};
		9CEC54C41DCB3A3E00A9E864 /* LaunchScreen.storyboard */ = {
			isa = PBXVariantGroup;
			children = (
				9CEC54C51DCB3A3E00A9E864 /* Base */,
			);
			name = LaunchScreen.storyboard;
			sourceTree = "<group>";
		};
/* End PBXVariantGroup section */

/* Begin XCBuildConfiguration section */
		9CAE52981DCB26F4003F7B38 /* Debug */ = {
			isa = XCBuildConfiguration;
			buildSettings = {
				ALWAYS_SEARCH_USER_PATHS = YES;
				CLANG_ANALYZER_NONNULL = YES;
				CLANG_CXX_LANGUAGE_STANDARD = "gnu++0x";
				CLANG_CXX_LIBRARY = "libc++";
				CLANG_ENABLE_MODULES = YES;
				CLANG_ENABLE_OBJC_ARC = YES;
				CLANG_WARN_BOOL_CONVERSION = YES;
				CLANG_WARN_CONSTANT_CONVERSION = YES;
				CLANG_WARN_DIRECT_OBJC_ISA_USAGE = YES_ERROR;
				CLANG_WARN_DOCUMENTATION_COMMENTS = YES;
				CLANG_WARN_EMPTY_BODY = YES;
				CLANG_WARN_ENUM_CONVERSION = YES;
				CLANG_WARN_INFINITE_RECURSION = YES;
				CLANG_WARN_INT_CONVERSION = YES;
				CLANG_WARN_OBJC_ROOT_CLASS = YES_ERROR;
				CLANG_WARN_SUSPICIOUS_MOVES = YES;
				CLANG_WARN_UNREACHABLE_CODE = YES;
				CLANG_WARN__DUPLICATE_METHOD_MATCH = YES;
				CODE_SIGN_IDENTITY = "-";
				COPY_PHASE_STRIP = NO;
				DEBUG_INFORMATION_FORMAT = dwarf;
				ENABLE_STRICT_OBJC_MSGSEND = YES;
				ENABLE_TESTABILITY = YES;
				GCC_C_LANGUAGE_STANDARD = gnu99;
				GCC_DYNAMIC_NO_PIC = NO;
				GCC_NO_COMMON_BLOCKS = YES;
				GCC_OPTIMIZATION_LEVEL = 0;
				GCC_PREPROCESSOR_DEFINITIONS = (
					"DEBUG=1",
					"$(inherited)",
				);
				GCC_WARN_64_TO_32_BIT_CONVERSION = YES;
				GCC_WARN_ABOUT_RETURN_TYPE = YES_ERROR;
				GCC_WARN_UNDECLARED_SELECTOR = YES;
				GCC_WARN_UNINITIALIZED_AUTOS = YES_AGGRESSIVE;
				GCC_WARN_UNUSED_FUNCTION = YES;
				GCC_WARN_UNUSED_VARIABLE = YES;
				HEADER_SEARCH_PATHS = ../../../../IcEng/inc;
				LIBRARY_SEARCH_PATHS = ../../../IcEngBuild/ios/lib/Debug;
				MACOSX_DEPLOYMENT_TARGET = 10.7;
				MTL_ENABLE_DEBUG_INFO = YES;
				OBJROOT = ../../../IcEngBuild/ios/tmp;
				ONLY_ACTIVE_ARCH = YES;
				SDKROOT = macosx;
				SYMROOT = ../../../IcEngBuild/ios/bin;
			};
			name = Debug;
		};
		9CAE52991DCB26F4003F7B38 /* Release */ = {
			isa = XCBuildConfiguration;
			buildSettings = {
				ALWAYS_SEARCH_USER_PATHS = YES;
				CLANG_ANALYZER_NONNULL = YES;
				CLANG_CXX_LANGUAGE_STANDARD = "gnu++0x";
				CLANG_CXX_LIBRARY = "libc++";
				CLANG_ENABLE_MODULES = YES;
				CLANG_ENABLE_OBJC_ARC = YES;
				CLANG_WARN_BOOL_CONVERSION = YES;
				CLANG_WARN_CONSTANT_CONVERSION = YES;
				CLANG_WARN_DIRECT_OBJC_ISA_USAGE = YES_ERROR;
				CLANG_WARN_DOCUMENTATION_COMMENTS = YES;
				CLANG_WARN_EMPTY_BODY = YES;
				CLANG_WARN_ENUM_CONVERSION = YES;
				CLANG_WARN_INFINITE_RECURSION = YES;
				CLANG_WARN_INT_CONVERSION = YES;
				CLANG_WARN_OBJC_ROOT_CLASS = YES_ERROR;
				CLANG_WARN_SUSPICIOUS_MOVES = YES;
				CLANG_WARN_UNREACHABLE_CODE = YES;
				CLANG_WARN__DUPLICATE_METHOD_MATCH = YES;
				CODE_SIGN_IDENTITY = "-";
				COPY_PHASE_STRIP = NO;
				DEBUG_INFORMATION_FORMAT = "dwarf-with-dsym";
				ENABLE_NS_ASSERTIONS = NO;
				ENABLE_STRICT_OBJC_MSGSEND = YES;
				GCC_C_LANGUAGE_STANDARD = gnu99;
				GCC_NO_COMMON_BLOCKS = YES;
				GCC_WARN_64_TO_32_BIT_CONVERSION = YES;
				GCC_WARN_ABOUT_RETURN_TYPE = YES_ERROR;
				GCC_WARN_UNDECLARED_SELECTOR = YES;
				GCC_WARN_UNINITIALIZED_AUTOS = YES_AGGRESSIVE;
				GCC_WARN_UNUSED_FUNCTION = YES;
				GCC_WARN_UNUSED_VARIABLE = YES;
				HEADER_SEARCH_PATHS = ../../../../IcEng/inc;
				LIBRARY_SEARCH_PATHS = ../../../IcEngBuild/ios/lib/Release;
				MACOSX_DEPLOYMENT_TARGET = 10.7;
				MTL_ENABLE_DEBUG_INFO = NO;
				OBJROOT = ../../../IcEngBuild/ios/tmp;
				SDKROOT = macosx;
				SYMROOT = ../../../IcEngBuild/ios/bin;
			};
			name = Release;
		};
		9CEC54C81DCB3A3E00A9E864 /* Debug */ = {
			isa = XCBuildConfiguration;
			buildSettings = {
				ASSETCATALOG_COMPILER_APPICON_NAME = AppIcon;
				"CODE_SIGN_IDENTITY[sdk=iphoneos*]" = "iPhone Developer";
				DEVELOPMENT_TEAM = XG76D5W2B7;
				INFOPLIST_FILE = IcEngDemoIOS/Info.plist;
				IPHONEOS_DEPLOYMENT_TARGET = 8.0;
				LD_RUNPATH_SEARCH_PATHS = "$(inherited) @executable_path/Frameworks";
				LIBRARY_SEARCH_PATHS = "$(inherited)";
				OTHER_LDFLAGS = "-lIcEngLib_iOS";
				PRODUCT_BUNDLE_IDENTIFIER = com.simviu.iceng.icengdemo.IcEngDemoIOS;
				PRODUCT_NAME = "$(TARGET_NAME)";
				SDKROOT = iphoneos;
				TARGETED_DEVICE_FAMILY = "1,2";
			};
			name = Debug;
		};
		9CEC54C91DCB3A3E00A9E864 /* Release */ = {
			isa = XCBuildConfiguration;
			buildSettings = {
				ASSETCATALOG_COMPILER_APPICON_NAME = AppIcon;
				"CODE_SIGN_IDENTITY[sdk=iphoneos*]" = "iPhone Developer";
				DEVELOPMENT_TEAM = XG76D5W2B7;
				INFOPLIST_FILE = IcEngDemoIOS/Info.plist;
				IPHONEOS_DEPLOYMENT_TARGET = 8.0;
				LD_RUNPATH_SEARCH_PATHS = "$(inherited) @executable_path/Frameworks";
				LIBRARY_SEARCH_PATHS = "$(inherited)";
				OTHER_LDFLAGS = "-lIcEngLib_iOS";
				PRODUCT_BUNDLE_IDENTIFIER = com.simviu.iceng.icengdemo.IcEngDemoIOS;
				PRODUCT_NAME = "$(TARGET_NAME)";
				SDKROOT = iphoneos;
				TARGETED_DEVICE_FAMILY = "1,2";
				VALIDATE_PRODUCT = YES;
			};
			name = Release;
		};
/* End XCBuildConfiguration section */

/* Begin XCConfigurationList section */
		9CAE528E1DCB26F4003F7B38 /* Build configuration list for PBXProject "IcEngDemo" */ = {
			isa = XCConfigurationList;
			buildConfigurations = (
				9CAE52981DCB26F4003F7B38 /* Debug */,
				9CAE52991DCB26F4003F7B38 /* Release */,
			);
			defaultConfigurationIsVisible = 0;
			defaultConfigurationName = Release;
		};
		9CEC54CA1DCB3A3E00A9E864 /* Build configuration list for PBXNativeTarget "IcEngDemoIOS" */ = {
			isa = XCConfigurationList;
			buildConfigurations = (
				9CEC54C81DCB3A3E00A9E864 /* Debug */,
				9CEC54C91DCB3A3E00A9E864 /* Release */,
			);
			defaultConfigurationIsVisible = 0;
			defaultConfigurationName = Release;
		};
/* End XCConfigurationList section */
	};
	rootObject = 9CAE528B1DCB26F4003F7B38 /* Project object */;
}
